// !$*UTF8*$!
{
	archiveVersion = 1;
	classes = {
	};
	objectVersion = 46;
	objects = {

/* Begin PBXBuildFile section */
		301CCADA1AD290C500A783AC /* AppDelegate.swift in Sources */ = {isa = PBXBuildFile; fileRef = 301CCAD91AD290C500A783AC /* AppDelegate.swift */; };
		301CCADC1AD290C500A783AC /* ViewController.swift in Sources */ = {isa = PBXBuildFile; fileRef = 301CCADB1AD290C500A783AC /* ViewController.swift */; };
		301CCADF1AD290C500A783AC /* Main.storyboard in Resources */ = {isa = PBXBuildFile; fileRef = 301CCADD1AD290C500A783AC /* Main.storyboard */; };
		301CCAE11AD290C500A783AC /* Images.xcassets in Resources */ = {isa = PBXBuildFile; fileRef = 301CCAE01AD290C500A783AC /* Images.xcassets */; };
		301CCAE41AD290C500A783AC /* LaunchScreen.xib in Resources */ = {isa = PBXBuildFile; fileRef = 301CCAE21AD290C500A783AC /* LaunchScreen.xib */; };
		301CCAF01AD290C500A783AC /* ppTests.swift in Sources */ = {isa = PBXBuildFile; fileRef = 301CCAEF1AD290C500A783AC /* ppTests.swift */; };
/* End PBXBuildFile section */

/* Begin PBXContainerItemProxy section */
		301CCAEA1AD290C500A783AC /* PBXContainerItemProxy */ = {
			isa = PBXContainerItemProxy;
			containerPortal = 301CCACC1AD290C500A783AC /* Project object */;
			proxyType = 1;
			remoteGlobalIDString = 301CCAD31AD290C500A783AC;
			remoteInfo = pp;
		};
/* End PBXContainerItemProxy section */

/* Begin PBXFileReference section */
		301CCAD41AD290C500A783AC /* pp.app */ = {isa = PBXFileReference; explicitFileType = wrapper.application; includeInIndex = 0; path = pp.app; sourceTree = BUILT_PRODUCTS_DIR; };
		301CCAD81AD290C500A783AC /* Info.plist */ = {isa = PBXFileReference; lastKnownFileType = text.plist.xml; path = Info.plist; sourceTree = "<group>"; };
		301CCAD91AD290C500A783AC /* AppDelegate.swift */ = {isa = PBXFileReference; lastKnownFileType = sourcecode.swift; path = AppDelegate.swift; sourceTree = "<group>"; };
		301CCADB1AD290C500A783AC /* ViewController.swift */ = {isa = PBXFileReference; lastKnownFileType = sourcecode.swift; path = ViewController.swift; sourceTree = "<group>"; };
		301CCADE1AD290C500A783AC /* Base */ = {isa = PBXFileReference; lastKnownFileType = file.storyboard; name = Base; path = Base.lproj/Main.storyboard; sourceTree = "<group>"; };
		301CCAE01AD290C500A783AC /* Images.xcassets */ = {isa = PBXFileReference; lastKnownFileType = folder.assetcatalog; path = Images.xcassets; sourceTree = "<group>"; };
		301CCAE31AD290C500A783AC /* Base */ = {isa = PBXFileReference; lastKnownFileType = file.xib; name = Base; path = Base.lproj/LaunchScreen.xib; sourceTree = "<group>"; };
		301CCAE91AD290C500A783AC /* ppTests.xctest */ = {isa = PBXFileReference; explicitFileType = wrapper.cfbundle; includeInIndex = 0; path = ppTests.xctest; sourceTree = BUILT_PRODUCTS_DIR; };
		301CCAEE1AD290C500A783AC /* Info.plist */ = {isa = PBXFileReference; lastKnownFileType = text.plist.xml; path = Info.plist; sourceTree = "<group>"; };
		301CCAEF1AD290C500A783AC /* ppTests.swift */ = {isa = PBXFileReference; lastKnownFileType = sourcecode.swift; path = ppTests.swift; sourceTree = "<group>"; };
/* End PBXFileReference section */

/* Begin PBXFrameworksBuildPhase section */
		301CCAD11AD290C500A783AC /* Frameworks */ = {
			isa = PBXFrameworksBuildPhase;
			buildActionMask = 2147483647;
			files = (
			);
			runOnlyForDeploymentPostprocessing = 0;
		};
		301CCAE61AD290C500A783AC /* Frameworks */ = {
			isa = PBXFrameworksBuildPhase;
			buildActionMask = 2147483647;
			files = (
			);
			runOnlyForDeploymentPostprocessing = 0;
		};
/* End PBXFrameworksBuildPhase section */

/* Begin PBXGroup section */
		301CCACB1AD290C500A783AC = {
			isa = PBXGroup;
			children = (
				301CCAD61AD290C500A783AC /* pp */,
				301CCAEC1AD290C500A783AC /* ppTests */,
				301CCAD51AD290C500A783AC /* Products */,
			);
			sourceTree = "<group>";
		};
		301CCAD51AD290C500A783AC /* Products */ = {
			isa = PBXGroup;
			children = (
				301CCAD41AD290C500A783AC /* pp.app */,
				301CCAE91AD290C500A783AC /* ppTests.xctest */,
			);
			name = Products;
			sourceTree = "<group>";
		};
		301CCAD61AD290C500A783AC /* pp */ = {
			isa = PBXGroup;
			children = (
				301CCAD91AD290C500A783AC /* AppDelegate.swift */,
				301CCADB1AD290C500A783AC /* ViewController.swift */,
				301CCADD1AD290C500A783AC /* Main.storyboard */,
				301CCAE01AD290C500A783AC /* Images.xcassets */,
				301CCAE21AD290C500A783AC /* LaunchScreen.xib */,
				301CCAD71AD290C500A783AC /* Supporting Files */,
			);
			path = pp;
			sourceTree = "<group>";
		};
		301CCAD71AD290C500A783AC /* Supporting Files */ = {
			isa = PBXGroup;
			children = (
				301CCAD81AD290C500A783AC /* Info.plist */,
			);
			name = "Supporting Files";
			sourceTree = "<group>";
		};
		301CCAEC1AD290C500A783AC /* ppTests */ = {
			isa = PBXGroup;
			children = (
				301CCAEF1AD290C500A783AC /* ppTests.swift */,
				301CCAED1AD290C500A783AC /* Supporting Files */,
			);
			path = ppTests;
			sourceTree = "<group>";
		};
		301CCAED1AD290C500A783AC /* Supporting Files */ = {
			isa = PBXGroup;
			children = (
				301CCAEE1AD290C500A783AC /* Info.plist */,
			);
			name = "Supporting Files";
			sourceTree = "<group>";
		};
/* End PBXGroup section */

/* Begin PBXNativeTarget section */
		301CCAD31AD290C500A783AC /* pp */ = {
			isa = PBXNativeTarget;
			buildConfigurationList = 301CCAF31AD290C500A783AC /* Build configuration list for PBXNativeTarget "pp" */;
			buildPhases = (
				301CCAD01AD290C500A783AC /* Sources */,
				301CCAD11AD290C500A783AC /* Frameworks */,
				301CCAD21AD290C500A783AC /* Resources */,
			);
			buildRules = (
			);
			dependencies = (
			);
			name = pp;
			productName = pp;
			productReference = 301CCAD41AD290C500A783AC /* pp.app */;
			productType = "com.apple.product-type.application";
		};
		301CCAE81AD290C500A783AC /* ppTests */ = {
			isa = PBXNativeTarget;
			buildConfigurationList = 301CCAF61AD290C500A783AC /* Build configuration list for PBXNativeTarget "ppTests" */;
			buildPhases = (
				301CCAE51AD290C500A783AC /* Sources */,
				301CCAE61AD290C500A783AC /* Frameworks */,
				301CCAE71AD290C500A783AC /* Resources */,
			);
			buildRules = (
			);
			dependencies = (
				301CCAEB1AD290C500A783AC /* PBXTargetDependency */,
			);
			name = ppTests;
			productName = ppTests;
			productReference = 301CCAE91AD290C500A783AC /* ppTests.xctest */;
			productType = "com.apple.product-type.bundle.unit-test";
		};
/* End PBXNativeTarget section */

/* Begin PBXProject section */
		301CCACC1AD290C500A783AC /* Project object */ = {
			isa = PBXProject;
			attributes = {
				LastUpgradeCheck = 0600;
				ORGANIZATIONNAME = tester;
				TargetAttributes = {
					301CCAD31AD290C500A783AC = {
						CreatedOnToolsVersion = 6.0.1;
					};
					301CCAE81AD290C500A783AC = {
						CreatedOnToolsVersion = 6.0.1;
						TestTargetID = 301CCAD31AD290C500A783AC;
					};
				};
			};
			buildConfigurationList = 301CCACF1AD290C500A783AC /* Build configuration list for PBXProject "pp" */;
			compatibilityVersion = "Xcode 3.2";
			developmentRegion = English;
			hasScannedForEncodings = 0;
			knownRegions = (
				en,
				Base,
			);
			mainGroup = 301CCACB1AD290C500A783AC;
			productRefGroup = 301CCAD51AD290C500A783AC /* Products */;
			projectDirPath = "";
			projectRoot = "";
			targets = (
				301CCAD31AD290C500A783AC /* pp */,
				301CCAE81AD290C500A783AC /* ppTests */,
			);
		};
/* End PBXProject section */

/* Begin PBXResourcesBuildPhase section */
		301CCAD21AD290C500A783AC /* Resources */ = {
			isa = PBXResourcesBuildPhase;
			buildActionMask = 2147483647;
			files = (
				301CCADF1AD290C500A783AC /* Main.storyboard in Resources */,
				301CCAE41AD290C500A783AC /* LaunchScreen.xib in Resources */,
				301CCAE11AD290C500A783AC /* Images.xcassets in Resources */,
			);
			runOnlyForDeploymentPostprocessing = 0;
		};
		301CCAE71AD290C500A783AC /* Resources */ = {
			isa = PBXResourcesBuildPhase;
			buildActionMask = 2147483647;
			files = (
			);
			runOnlyForDeploymentPostprocessing = 0;
		};
/* End PBXResourcesBuildPhase section */

/* Begin PBXSourcesBuildPhase section */
		301CCAD01AD290C500A783AC /* Sources */ = {
			isa = PBXSourcesBuildPhase;
			buildActionMask = 2147483647;
			files = (
				301CCADC1AD290C500A783AC /* ViewController.swift in Sources */,
				301CCADA1AD290C500A783AC /* AppDelegate.swift in Sources */,
			);
			runOnlyForDeploymentPostprocessing = 0;
		};
		301CCAE51AD290C500A783AC /* Sources */ = {
			isa = PBXSourcesBuildPhase;
			buildActionMask = 2147483647;
			files = (
				301CCAF01AD290C500A783AC /* ppTests.swift in Sources */,
			);
			runOnlyForDeploymentPostprocessing = 0;
		};
/* End PBXSourcesBuildPhase section */

/* Begin PBXTargetDependency section */
		301CCAEB1AD290C500A783AC /* PBXTargetDependency */ = {
			isa = PBXTargetDependency;
			target = 301CCAD31AD290C500A783AC /* pp */;
			targetProxy = 301CCAEA1AD290C500A783AC /* PBXContainerItemProxy */;
		};
/* End PBXTargetDependency section */

/* Begin PBXVariantGroup section */
		301CCADD1AD290C500A783AC /* Main.storyboard */ = {
			isa = PBXVariantGroup;
			children = (
				301CCADE1AD290C500A783AC /* Base */,
			);
			name = Main.storyboard;
			sourceTree = "<group>";
		};
		301CCAE21AD290C500A783AC /* LaunchScreen.xib */ = {
			isa = PBXVariantGroup;
			children = (
				301CCAE31AD290C500A783AC /* Base */,
			);
			name = LaunchScreen.xib;
			sourceTree = "<group>";
		};
/* End PBXVariantGroup section */

/* Begin XCBuildConfiguration section */
		301CCAF11AD290C500A783AC /* Debug */ = {
			isa = XCBuildConfiguration;
			buildSettings = {
				ALWAYS_SEARCH_USER_PATHS = NO;
				CLANG_CXX_LANGUAGE_STANDARD = "gnu++0x";
				CLANG_CXX_LIBRARY = "libc++";
				CLANG_ENABLE_MODULES = YES;
				CLANG_ENABLE_OBJC_ARC = YES;
				CLANG_WARN_BOOL_CONVERSION = YES;
				CLANG_WARN_CONSTANT_CONVERSION = YES;
				CLANG_WARN_DIRECT_OBJC_ISA_USAGE = YES_ERROR;
				CLANG_WARN_EMPTY_BODY = YES;
				CLANG_WARN_ENUM_CONVERSION = YES;
				CLANG_WARN_INT_CONVERSION = YES;
				CLANG_WARN_OBJC_ROOT_CLASS = YES_ERROR;
				CLANG_WARN_UNREACHABLE_CODE = YES;
				CLANG_WARN__DUPLICATE_METHOD_MATCH = YES;
				CODE_SIGN_IDENTITY = "iPhone Distribution: IMG UK Limited";
				"CODE_SIGN_IDENTITY[sdk=iphoneos*]" = "iPhone Distribution: IMG UK Limited";
				COPY_PHASE_STRIP = NO;
				ENABLE_STRICT_OBJC_MSGSEND = YES;
				GCC_C_LANGUAGE_STANDARD = gnu99;
				GCC_DYNAMIC_NO_PIC = NO;
				GCC_OPTIMIZATION_LEVEL = 0;
				GCC_PREPROCESSOR_DEFINITIONS = (
					"DEBUG=1",
					"$(inherited)",
				);
				GCC_SYMBOLS_PRIVATE_EXTERN = NO;
				GCC_WARN_64_TO_32_BIT_CONVERSION = YES;
				GCC_WARN_ABOUT_RETURN_TYPE = YES_ERROR;
				GCC_WARN_UNDECLARED_SELECTOR = YES;
				GCC_WARN_UNINITIALIZED_AUTOS = YES_AGGRESSIVE;
				GCC_WARN_UNUSED_FUNCTION = YES;
				GCC_WARN_UNUSED_VARIABLE = YES;
				IPHONEOS_DEPLOYMENT_TARGET = 8.0;
				MTL_ENABLE_DEBUG_INFO = YES;
				ONLY_ACTIVE_ARCH = YES;
				PROVISIONING_PROFILE = "38aca04a-9e8d-4aa6-8c28-29ac5080496f";
				SDKROOT = iphoneos;
				SWIFT_OPTIMIZATION_LEVEL = "-Onone";
				TARGETED_DEVICE_FAMILY = "1,2";
			};
			name = Debug;
		};
		301CCAF21AD290C500A783AC /* Release */ = {
			isa = XCBuildConfiguration;
			buildSettings = {
				ALWAYS_SEARCH_USER_PATHS = NO;
				CLANG_CXX_LANGUAGE_STANDARD = "gnu++0x";
				CLANG_CXX_LIBRARY = "libc++";
				CLANG_ENABLE_MODULES = YES;
				CLANG_ENABLE_OBJC_ARC = YES;
				CLANG_WARN_BOOL_CONVERSION = YES;
				CLANG_WARN_CONSTANT_CONVERSION = YES;
				CLANG_WARN_DIRECT_OBJC_ISA_USAGE = YES_ERROR;
				CLANG_WARN_EMPTY_BODY = YES;
				CLANG_WARN_ENUM_CONVERSION = YES;
				CLANG_WARN_INT_CONVERSION = YES;
				CLANG_WARN_OBJC_ROOT_CLASS = YES_ERROR;
				CLANG_WARN_UNREACHABLE_CODE = YES;
				CLANG_WARN__DUPLICATE_METHOD_MATCH = YES;
				CODE_SIGN_IDENTITY = "iPhone Distribution: IMG UK Limited";
				"CODE_SIGN_IDENTITY[sdk=iphoneos*]" = "iPhone Distribution: IMG UK Limited";
				COPY_PHASE_STRIP = YES;
				ENABLE_NS_ASSERTIONS = NO;
				ENABLE_STRICT_OBJC_MSGSEND = YES;
				GCC_C_LANGUAGE_STANDARD = gnu99;
				GCC_WARN_64_TO_32_BIT_CONVERSION = YES;
				GCC_WARN_ABOUT_RETURN_TYPE = YES_ERROR;
				GCC_WARN_UNDECLARED_SELECTOR = YES;
				GCC_WARN_UNINITIALIZED_AUTOS = YES_AGGRESSIVE;
				GCC_WARN_UNUSED_FUNCTION = YES;
				GCC_WARN_UNUSED_VARIABLE = YES;
				IPHONEOS_DEPLOYMENT_TARGET = 8.0;
				MTL_ENABLE_DEBUG_INFO = NO;
				PROVISIONING_PROFILE = "38aca04a-9e8d-4aa6-8c28-29ac5080496f";
				SDKROOT = iphoneos;
				TARGETED_DEVICE_FAMILY = "1,2";
				VALIDATE_PRODUCT = YES;
			};
			name = Release;
		};
		301CCAF41AD290C500A783AC /* Debug */ = {
			isa = XCBuildConfiguration;
			buildSettings = {
				ASSETCATALOG_COMPILER_APPICON_NAME = AppIcon;
				CODE_SIGN_IDENTITY = "iPhone Distribution: IMG UK Limited";
				"CODE_SIGN_IDENTITY[sdk=iphoneos*]" = "iPhone Distribution: IMG UK Limited";
				INFOPLIST_FILE = pp/Info.plist;
				IPHONEOS_DEPLOYMENT_TARGET = 7.0;
				LD_RUNPATH_SEARCH_PATHS = "$(inherited) @executable_path/Frameworks";
				PRODUCT_NAME = pp;
				PROVISIONING_PROFILE = "38aca04a-9e8d-4aa6-8c28-29ac5080496f";
			};
			name = Debug;
		};
		301CCAF51AD290C500A783AC /* Release */ = {
			isa = XCBuildConfiguration;
			buildSettings = {
				ASSETCATALOG_COMPILER_APPICON_NAME = AppIcon;
				CODE_SIGN_IDENTITY = "iPhone Distribution: IMG UK Limited";
				"CODE_SIGN_IDENTITY[sdk=iphoneos*]" = "iPhone Distribution: IMG UK Limited";
				INFOPLIST_FILE = pp/Info.plist;
				IPHONEOS_DEPLOYMENT_TARGET = 7.0;
				LD_RUNPATH_SEARCH_PATHS = "$(inherited) @executable_path/Frameworks";
				PRODUCT_NAME = pp;
				PROVISIONING_PROFILE = "38aca04a-9e8d-4aa6-8c28-29ac5080496f";
			};
			name = Release;
		};
		301CCAF71AD290C500A783AC /* Debug */ = {
			isa = XCBuildConfiguration;
			buildSettings = {
				BUNDLE_LOADER = "$(TEST_HOST)";
				FRAMEWORK_SEARCH_PATHS = (
					"$(SDKROOT)/Developer/Library/Frameworks",
					"$(inherited)",
				);
				GCC_PREPROCESSOR_DEFINITIONS = (
					"DEBUG=1",
					"$(inherited)",
				);
				INFOPLIST_FILE = ppTests/Info.plist;
				LD_RUNPATH_SEARCH_PATHS = "$(inherited) @executable_path/Frameworks @loader_path/Frameworks";
				PRODUCT_NAME = "$(TARGET_NAME)";
				TEST_HOST = "$(BUILT_PRODUCTS_DIR)/pp.app/pp";
			};
			name = Debug;
		};
		301CCAF81AD290C500A783AC /* Release */ = {
			isa = XCBuildConfiguration;
			buildSettings = {
				BUNDLE_LOADER = "$(TEST_HOST)";
				FRAMEWORK_SEARCH_PATHS = (
					"$(SDKROOT)/Developer/Library/Frameworks",
					"$(inherited)",
				);
				INFOPLIST_FILE = ppTests/Info.plist;
				LD_RUNPATH_SEARCH_PATHS = "$(inherited) @executable_path/Frameworks @loader_path/Frameworks";
				PRODUCT_NAME = "$(TARGET_NAME)";
				TEST_HOST = "$(BUILT_PRODUCTS_DIR)/pp.app/pp";
			};
			name = Release;
		};
/* End XCBuildConfiguration section */

/* Begin XCConfigurationList section */
		301CCACF1AD290C500A783AC /* Build configuration list for PBXProject "pp" */ = {
			isa = XCConfigurationList;
			buildConfigurations = (
				301CCAF11AD290C500A783AC /* Debug */,
				301CCAF21AD290C500A783AC /* Release */,
			);
			defaultConfigurationIsVisible = 0;
			defaultConfigurationName = Release;
		};
		301CCAF31AD290C500A783AC /* Build configuration list for PBXNativeTarget "pp" */ = {
			isa = XCConfigurationList;
			buildConfigurations = (
				301CCAF41AD290C500A783AC /* Debug */,
				301CCAF51AD290C500A783AC /* Release */,
			);
			defaultConfigurationIsVisible = 0;
		};
		301CCAF61AD290C500A783AC /* Build configuration list for PBXNativeTarget "ppTests" */ = {
			isa = XCConfigurationList;
			buildConfigurations = (
				301CCAF71AD290C500A783AC /* Debug */,
				301CCAF81AD290C500A783AC /* Release */,
			);
			defaultConfigurationIsVisible = 0;
		};
/* End XCConfigurationList section */
	};
	rootObject = 301CCACC1AD290C500A783AC /* Project object */;
}
