// !$*UTF8*$!
{
	archiveVersion = 1;
	classes = {
	};
	objectVersion = 46;
	objects = {

/* Begin PBXBuildFile section */
		3049CC3B1AD664E0005DC1F8 /* Block.swift in Sources */ = {isa = PBXBuildFile; fileRef = 3049CC3A1AD664E0005DC1F8 /* Block.swift */; };
		3049CC3D1AD6684F005DC1F8 /* Shape.swift in Sources */ = {isa = PBXBuildFile; fileRef = 3049CC3C1AD6684F005DC1F8 /* Shape.swift */; };
		3049CC3F1AD6698D005DC1F8 /* SquareShape.swift in Sources */ = {isa = PBXBuildFile; fileRef = 3049CC3E1AD6698D005DC1F8 /* SquareShape.swift */; };
		3049CC411AD669A5005DC1F8 /* TShape.swift in Sources */ = {isa = PBXBuildFile; fileRef = 3049CC401AD669A5005DC1F8 /* TShape.swift */; };
		3049CC431AD669C3005DC1F8 /* LineShape.swift in Sources */ = {isa = PBXBuildFile; fileRef = 3049CC421AD669C3005DC1F8 /* LineShape.swift */; };
		3049CC451AD669DE005DC1F8 /* LShape.swift in Sources */ = {isa = PBXBuildFile; fileRef = 3049CC441AD669DE005DC1F8 /* LShape.swift */; };
		3049CC471AD669F4005DC1F8 /* JShape.swift in Sources */ = {isa = PBXBuildFile; fileRef = 3049CC461AD669F4005DC1F8 /* JShape.swift */; };
		3049CC491AD66A0C005DC1F8 /* SShape.swift in Sources */ = {isa = PBXBuildFile; fileRef = 3049CC481AD66A0C005DC1F8 /* SShape.swift */; };
		3049CC4B1AD66A38005DC1F8 /* ZShape.swift in Sources */ = {isa = PBXBuildFile; fileRef = 3049CC4A1AD66A38005DC1F8 /* ZShape.swift */; };
		3049CC4D1AD66A97005DC1F8 /* Swiftris.swift in Sources */ = {isa = PBXBuildFile; fileRef = 3049CC4C1AD66A97005DC1F8 /* Swiftris.swift */; };
		3086330F1AD3DD6C0014B894 /* AppDelegate.swift in Sources */ = {isa = PBXBuildFile; fileRef = 3086330E1AD3DD6C0014B894 /* AppDelegate.swift */; };
		308633131AD3DD6C0014B894 /* GameScene.swift in Sources */ = {isa = PBXBuildFile; fileRef = 308633121AD3DD6C0014B894 /* GameScene.swift */; };
		308633151AD3DD6C0014B894 /* GameViewController.swift in Sources */ = {isa = PBXBuildFile; fileRef = 308633141AD3DD6C0014B894 /* GameViewController.swift */; };
		308633181AD3DD6C0014B894 /* Main.storyboard in Resources */ = {isa = PBXBuildFile; fileRef = 308633161AD3DD6C0014B894 /* Main.storyboard */; };
		3086331A1AD3DD6C0014B894 /* Images.xcassets in Resources */ = {isa = PBXBuildFile; fileRef = 308633191AD3DD6C0014B894 /* Images.xcassets */; };
		3086331D1AD3DD6C0014B894 /* LaunchScreen.xib in Resources */ = {isa = PBXBuildFile; fileRef = 3086331B1AD3DD6C0014B894 /* LaunchScreen.xib */; };
		308633291AD3DD6C0014B894 /* dpTests.swift in Sources */ = {isa = PBXBuildFile; fileRef = 308633281AD3DD6C0014B894 /* dpTests.swift */; };
		308633381AD40DD80014B894 /* bomb.mp3 in Resources */ = {isa = PBXBuildFile; fileRef = 308633331AD40DD80014B894 /* bomb.mp3 */; };
		308633391AD40DD80014B894 /* drop.mp3 in Resources */ = {isa = PBXBuildFile; fileRef = 308633341AD40DD80014B894 /* drop.mp3 */; };
		3086333A1AD40DD80014B894 /* gameover.mp3 in Resources */ = {isa = PBXBuildFile; fileRef = 308633351AD40DD80014B894 /* gameover.mp3 */; };
		3086333B1AD40DD80014B894 /* levelup.mp3 in Resources */ = {isa = PBXBuildFile; fileRef = 308633361AD40DD80014B894 /* levelup.mp3 */; };
		3086333C1AD40DD80014B894 /* theme.mp3 in Resources */ = {isa = PBXBuildFile; fileRef = 308633371AD40DD80014B894 /* theme.mp3 */; };
		3086333E1AD40E2D0014B894 /* Sprites.atlas in Resources */ = {isa = PBXBuildFile; fileRef = 3086333D1AD40E2D0014B894 /* Sprites.atlas */; };
		308633451AD40E470014B894 /* background.png in Resources */ = {isa = PBXBuildFile; fileRef = 3086333F1AD40E470014B894 /* background.png */; };
		308633461AD40E470014B894 /* background@2x.png in Resources */ = {isa = PBXBuildFile; fileRef = 308633401AD40E470014B894 /* background@2x.png */; };
		308633471AD40E470014B894 /* gameboard.png in Resources */ = {isa = PBXBuildFile; fileRef = 308633411AD40E470014B894 /* gameboard.png */; };
		308633481AD40E470014B894 /* gameboard@2x.png in Resources */ = {isa = PBXBuildFile; fileRef = 308633421AD40E470014B894 /* gameboard@2x.png */; };
		308633491AD40E470014B894 /* whitebg.png in Resources */ = {isa = PBXBuildFile; fileRef = 308633431AD40E470014B894 /* whitebg.png */; };
		3086334A1AD40E470014B894 /* whitebg@2x.png in Resources */ = {isa = PBXBuildFile; fileRef = 308633441AD40E470014B894 /* whitebg@2x.png */; };
		3086334C1AD410B10014B894 /* Array2D.swift in Sources */ = {isa = PBXBuildFile; fileRef = 3086334B1AD410B10014B894 /* Array2D.swift */; };
/* End PBXBuildFile section */

/* Begin PBXContainerItemProxy section */
		308633231AD3DD6C0014B894 /* PBXContainerItemProxy */ = {
			isa = PBXContainerItemProxy;
			containerPortal = 308633011AD3DD6C0014B894 /* Project object */;
			proxyType = 1;
			remoteGlobalIDString = 308633081AD3DD6C0014B894;
			remoteInfo = dp;
		};
/* End PBXContainerItemProxy section */

/* Begin PBXFileReference section */
		3049CC3A1AD664E0005DC1F8 /* Block.swift */ = {isa = PBXFileReference; fileEncoding = 4; lastKnownFileType = sourcecode.swift; path = Block.swift; sourceTree = "<group>"; };
		3049CC3C1AD6684F005DC1F8 /* Shape.swift */ = {isa = PBXFileReference; fileEncoding = 4; lastKnownFileType = sourcecode.swift; path = Shape.swift; sourceTree = "<group>"; };
		3049CC3E1AD6698D005DC1F8 /* SquareShape.swift */ = {isa = PBXFileReference; fileEncoding = 4; lastKnownFileType = sourcecode.swift; path = SquareShape.swift; sourceTree = "<group>"; };
		3049CC401AD669A5005DC1F8 /* TShape.swift */ = {isa = PBXFileReference; fileEncoding = 4; lastKnownFileType = sourcecode.swift; path = TShape.swift; sourceTree = "<group>"; };
		3049CC421AD669C3005DC1F8 /* LineShape.swift */ = {isa = PBXFileReference; fileEncoding = 4; lastKnownFileType = sourcecode.swift; path = LineShape.swift; sourceTree = "<group>"; };
		3049CC441AD669DE005DC1F8 /* LShape.swift */ = {isa = PBXFileReference; fileEncoding = 4; lastKnownFileType = sourcecode.swift; path = LShape.swift; sourceTree = "<group>"; };
		3049CC461AD669F4005DC1F8 /* JShape.swift */ = {isa = PBXFileReference; fileEncoding = 4; lastKnownFileType = sourcecode.swift; path = JShape.swift; sourceTree = "<group>"; };
		3049CC481AD66A0C005DC1F8 /* SShape.swift */ = {isa = PBXFileReference; fileEncoding = 4; lastKnownFileType = sourcecode.swift; path = SShape.swift; sourceTree = "<group>"; };
		3049CC4A1AD66A38005DC1F8 /* ZShape.swift */ = {isa = PBXFileReference; fileEncoding = 4; lastKnownFileType = sourcecode.swift; path = ZShape.swift; sourceTree = "<group>"; };
		3049CC4C1AD66A97005DC1F8 /* Swiftris.swift */ = {isa = PBXFileReference; fileEncoding = 4; lastKnownFileType = sourcecode.swift; path = Swiftris.swift; sourceTree = "<group>"; };
		308633091AD3DD6C0014B894 /* dp.app */ = {isa = PBXFileReference; explicitFileType = wrapper.application; includeInIndex = 0; path = dp.app; sourceTree = BUILT_PRODUCTS_DIR; };
		3086330D1AD3DD6C0014B894 /* Info.plist */ = {isa = PBXFileReference; lastKnownFileType = text.plist.xml; path = Info.plist; sourceTree = "<group>"; };
		3086330E1AD3DD6C0014B894 /* AppDelegate.swift */ = {isa = PBXFileReference; lastKnownFileType = sourcecode.swift; path = AppDelegate.swift; sourceTree = "<group>"; };
		308633121AD3DD6C0014B894 /* GameScene.swift */ = {isa = PBXFileReference; lastKnownFileType = sourcecode.swift; path = GameScene.swift; sourceTree = "<group>"; };
		308633141AD3DD6C0014B894 /* GameViewController.swift */ = {isa = PBXFileReference; lastKnownFileType = sourcecode.swift; path = GameViewController.swift; sourceTree = "<group>"; };
		308633171AD3DD6C0014B894 /* Base */ = {isa = PBXFileReference; lastKnownFileType = file.storyboard; name = Base; path = Base.lproj/Main.storyboard; sourceTree = "<group>"; };
		308633191AD3DD6C0014B894 /* Images.xcassets */ = {isa = PBXFileReference; lastKnownFileType = folder.assetcatalog; path = Images.xcassets; sourceTree = "<group>"; };
		3086331C1AD3DD6C0014B894 /* Base */ = {isa = PBXFileReference; lastKnownFileType = file.xib; name = Base; path = Base.lproj/LaunchScreen.xib; sourceTree = "<group>"; };
		308633221AD3DD6C0014B894 /* dpTests.xctest */ = {isa = PBXFileReference; explicitFileType = wrapper.cfbundle; includeInIndex = 0; path = dpTests.xctest; sourceTree = BUILT_PRODUCTS_DIR; };
		308633271AD3DD6C0014B894 /* Info.plist */ = {isa = PBXFileReference; lastKnownFileType = text.plist.xml; path = Info.plist; sourceTree = "<group>"; };
		308633281AD3DD6C0014B894 /* dpTests.swift */ = {isa = PBXFileReference; lastKnownFileType = sourcecode.swift; path = dpTests.swift; sourceTree = "<group>"; };
		308633331AD40DD80014B894 /* bomb.mp3 */ = {isa = PBXFileReference; lastKnownFileType = audio.mp3; path = bomb.mp3; sourceTree = "<group>"; };
		308633341AD40DD80014B894 /* drop.mp3 */ = {isa = PBXFileReference; lastKnownFileType = audio.mp3; path = drop.mp3; sourceTree = "<group>"; };
		308633351AD40DD80014B894 /* gameover.mp3 */ = {isa = PBXFileReference; lastKnownFileType = audio.mp3; path = gameover.mp3; sourceTree = "<group>"; };
		308633361AD40DD80014B894 /* levelup.mp3 */ = {isa = PBXFileReference; lastKnownFileType = audio.mp3; path = levelup.mp3; sourceTree = "<group>"; };
		308633371AD40DD80014B894 /* theme.mp3 */ = {isa = PBXFileReference; lastKnownFileType = audio.mp3; path = theme.mp3; sourceTree = "<group>"; };
		3086333D1AD40E2D0014B894 /* Sprites.atlas */ = {isa = PBXFileReference; lastKnownFileType = folder.skatlas; path = Sprites.atlas; sourceTree = "<group>"; };
		3086333F1AD40E470014B894 /* background.png */ = {isa = PBXFileReference; lastKnownFileType = image.png; path = background.png; sourceTree = "<group>"; };
		308633401AD40E470014B894 /* background@2x.png */ = {isa = PBXFileReference; lastKnownFileType = image.png; path = "background@2x.png"; sourceTree = "<group>"; };
		308633411AD40E470014B894 /* gameboard.png */ = {isa = PBXFileReference; lastKnownFileType = image.png; path = gameboard.png; sourceTree = "<group>"; };
		308633421AD40E470014B894 /* gameboard@2x.png */ = {isa = PBXFileReference; lastKnownFileType = image.png; path = "gameboard@2x.png"; sourceTree = "<group>"; };
		308633431AD40E470014B894 /* whitebg.png */ = {isa = PBXFileReference; lastKnownFileType = image.png; path = whitebg.png; sourceTree = "<group>"; };
		308633441AD40E470014B894 /* whitebg@2x.png */ = {isa = PBXFileReference; lastKnownFileType = image.png; path = "whitebg@2x.png"; sourceTree = "<group>"; };
		3086334B1AD410B10014B894 /* Array2D.swift */ = {isa = PBXFileReference; fileEncoding = 4; lastKnownFileType = sourcecode.swift; path = Array2D.swift; sourceTree = "<group>"; };
/* End PBXFileReference section */

/* Begin PBXFrameworksBuildPhase section */
		308633061AD3DD6C0014B894 /* Frameworks */ = {
			isa = PBXFrameworksBuildPhase;
			buildActionMask = 2147483647;
			files = (
			);
			runOnlyForDeploymentPostprocessing = 0;
		};
		3086331F1AD3DD6C0014B894 /* Frameworks */ = {
			isa = PBXFrameworksBuildPhase;
			buildActionMask = 2147483647;
			files = (
			);
			runOnlyForDeploymentPostprocessing = 0;
		};
/* End PBXFrameworksBuildPhase section */

/* Begin PBXGroup section */
		308633001AD3DD6C0014B894 = {
			isa = PBXGroup;
			children = (
				3086330B1AD3DD6C0014B894 /* dp */,
				308633251AD3DD6C0014B894 /* dpTests */,
				3086330A1AD3DD6C0014B894 /* Products */,
			);
			sourceTree = "<group>";
		};
		3086330A1AD3DD6C0014B894 /* Products */ = {
			isa = PBXGroup;
			children = (
				308633091AD3DD6C0014B894 /* dp.app */,
				308633221AD3DD6C0014B894 /* dpTests.xctest */,
			);
			name = Products;
			sourceTree = "<group>";
		};
		3086330B1AD3DD6C0014B894 /* dp */ = {
			isa = PBXGroup;
			children = (
				3086330E1AD3DD6C0014B894 /* AppDelegate.swift */,
				308633121AD3DD6C0014B894 /* GameScene.swift */,
				308633141AD3DD6C0014B894 /* GameViewController.swift */,
				308633161AD3DD6C0014B894 /* Main.storyboard */,
				308633191AD3DD6C0014B894 /* Images.xcassets */,
				3086331B1AD3DD6C0014B894 /* LaunchScreen.xib */,
				3086333D1AD40E2D0014B894 /* Sprites.atlas */,
				308633321AD40DD80014B894 /* Sounds */,
				3086330C1AD3DD6C0014B894 /* Supporting Files */,
				3086334B1AD410B10014B894 /* Array2D.swift */,
				3049CC3A1AD664E0005DC1F8 /* Block.swift */,
				3049CC3C1AD6684F005DC1F8 /* Shape.swift */,
				3049CC3E1AD6698D005DC1F8 /* SquareShape.swift */,
				3049CC401AD669A5005DC1F8 /* TShape.swift */,
				3049CC421AD669C3005DC1F8 /* LineShape.swift */,
				3049CC441AD669DE005DC1F8 /* LShape.swift */,
				3049CC461AD669F4005DC1F8 /* JShape.swift */,
				3049CC481AD66A0C005DC1F8 /* SShape.swift */,
				3049CC4A1AD66A38005DC1F8 /* ZShape.swift */,
				3049CC4C1AD66A97005DC1F8 /* Swiftris.swift */,
			);
			path = dp;
			sourceTree = "<group>";
		};
		3086330C1AD3DD6C0014B894 /* Supporting Files */ = {
			isa = PBXGroup;
			children = (
				3086333F1AD40E470014B894 /* background.png */,
				308633401AD40E470014B894 /* background@2x.png */,
				308633411AD40E470014B894 /* gameboard.png */,
				308633421AD40E470014B894 /* gameboard@2x.png */,
				308633431AD40E470014B894 /* whitebg.png */,
				308633441AD40E470014B894 /* whitebg@2x.png */,
				3086330D1AD3DD6C0014B894 /* Info.plist */,
			);
			name = "Supporting Files";
			sourceTree = "<group>";
		};
		308633251AD3DD6C0014B894 /* dpTests */ = {
			isa = PBXGroup;
			children = (
				308633281AD3DD6C0014B894 /* dpTests.swift */,
				308633261AD3DD6C0014B894 /* Supporting Files */,
			);
			path = dpTests;
			sourceTree = "<group>";
		};
		308633261AD3DD6C0014B894 /* Supporting Files */ = {
			isa = PBXGroup;
			children = (
				308633271AD3DD6C0014B894 /* Info.plist */,
			);
			name = "Supporting Files";
			sourceTree = "<group>";
		};
		308633321AD40DD80014B894 /* Sounds */ = {
			isa = PBXGroup;
			children = (
				308633331AD40DD80014B894 /* bomb.mp3 */,
				308633341AD40DD80014B894 /* drop.mp3 */,
				308633351AD40DD80014B894 /* gameover.mp3 */,
				308633361AD40DD80014B894 /* levelup.mp3 */,
				308633371AD40DD80014B894 /* theme.mp3 */,
			);
			path = Sounds;
			sourceTree = "<group>";
		};
/* End PBXGroup section */

/* Begin PBXNativeTarget section */
		308633081AD3DD6C0014B894 /* dp */ = {
			isa = PBXNativeTarget;
			buildConfigurationList = 3086332C1AD3DD6C0014B894 /* Build configuration list for PBXNativeTarget "dp" */;
			buildPhases = (
				308633051AD3DD6C0014B894 /* Sources */,
				308633061AD3DD6C0014B894 /* Frameworks */,
				308633071AD3DD6C0014B894 /* Resources */,
			);
			buildRules = (
			);
			dependencies = (
			);
			name = dp;
			productName = dp;
			productReference = 308633091AD3DD6C0014B894 /* dp.app */;
			productType = "com.apple.product-type.application";
		};
		308633211AD3DD6C0014B894 /* dpTests */ = {
			isa = PBXNativeTarget;
			buildConfigurationList = 3086332F1AD3DD6C0014B894 /* Build configuration list for PBXNativeTarget "dpTests" */;
			buildPhases = (
				3086331E1AD3DD6C0014B894 /* Sources */,
				3086331F1AD3DD6C0014B894 /* Frameworks */,
				308633201AD3DD6C0014B894 /* Resources */,
			);
			buildRules = (
			);
			dependencies = (
				308633241AD3DD6C0014B894 /* PBXTargetDependency */,
			);
			name = dpTests;
			productName = dpTests;
			productReference = 308633221AD3DD6C0014B894 /* dpTests.xctest */;
			productType = "com.apple.product-type.bundle.unit-test";
		};
/* End PBXNativeTarget section */

/* Begin PBXProject section */
		308633011AD3DD6C0014B894 /* Project object */ = {
			isa = PBXProject;
			attributes = {
				LastUpgradeCheck = 0620;
				ORGANIZATIONNAME = tester;
				TargetAttributes = {
					308633081AD3DD6C0014B894 = {
						CreatedOnToolsVersion = 6.2;
					};
					308633211AD3DD6C0014B894 = {
						CreatedOnToolsVersion = 6.2;
						TestTargetID = 308633081AD3DD6C0014B894;
					};
				};
			};
			buildConfigurationList = 308633041AD3DD6C0014B894 /* Build configuration list for PBXProject "dp" */;
			compatibilityVersion = "Xcode 3.2";
			developmentRegion = English;
			hasScannedForEncodings = 0;
			knownRegions = (
				en,
				Base,
			);
			mainGroup = 308633001AD3DD6C0014B894;
			productRefGroup = 3086330A1AD3DD6C0014B894 /* Products */;
			projectDirPath = "";
			projectRoot = "";
			targets = (
				308633081AD3DD6C0014B894 /* dp */,
				308633211AD3DD6C0014B894 /* dpTests */,
			);
		};
/* End PBXProject section */

/* Begin PBXResourcesBuildPhase section */
		308633071AD3DD6C0014B894 /* Resources */ = {
			isa = PBXResourcesBuildPhase;
			buildActionMask = 2147483647;
			files = (
				3086333A1AD40DD80014B894 /* gameover.mp3 in Resources */,
				3086331D1AD3DD6C0014B894 /* LaunchScreen.xib in Resources */,
				308633381AD40DD80014B894 /* bomb.mp3 in Resources */,
				3086331A1AD3DD6C0014B894 /* Images.xcassets in Resources */,
				3086333E1AD40E2D0014B894 /* Sprites.atlas in Resources */,
				3086334A1AD40E470014B894 /* whitebg@2x.png in Resources */,
				308633181AD3DD6C0014B894 /* Main.storyboard in Resources */,
				308633481AD40E470014B894 /* gameboard@2x.png in Resources */,
				308633491AD40E470014B894 /* whitebg.png in Resources */,
				3086333B1AD40DD80014B894 /* levelup.mp3 in Resources */,
				308633391AD40DD80014B894 /* drop.mp3 in Resources */,
				308633451AD40E470014B894 /* background.png in Resources */,
				308633461AD40E470014B894 /* background@2x.png in Resources */,
				3086333C1AD40DD80014B894 /* theme.mp3 in Resources */,
				308633471AD40E470014B894 /* gameboard.png in Resources */,
			);
			runOnlyForDeploymentPostprocessing = 0;
		};
		308633201AD3DD6C0014B894 /* Resources */ = {
			isa = PBXResourcesBuildPhase;
			buildActionMask = 2147483647;
			files = (
			);
			runOnlyForDeploymentPostprocessing = 0;
		};
/* End PBXResourcesBuildPhase section */

/* Begin PBXSourcesBuildPhase section */
		308633051AD3DD6C0014B894 /* Sources */ = {
			isa = PBXSourcesBuildPhase;
			buildActionMask = 2147483647;
			files = (
				3049CC451AD669DE005DC1F8 /* LShape.swift in Sources */,
				3049CC3F1AD6698D005DC1F8 /* SquareShape.swift in Sources */,
				308633131AD3DD6C0014B894 /* GameScene.swift in Sources */,
				3049CC471AD669F4005DC1F8 /* JShape.swift in Sources */,
				3049CC4D1AD66A97005DC1F8 /* Swiftris.swift in Sources */,
				3049CC3D1AD6684F005DC1F8 /* Shape.swift in Sources */,
				3086334C1AD410B10014B894 /* Array2D.swift in Sources */,
				3049CC431AD669C3005DC1F8 /* LineShape.swift in Sources */,
				3049CC411AD669A5005DC1F8 /* TShape.swift in Sources */,
				3049CC3B1AD664E0005DC1F8 /* Block.swift in Sources */,
				308633151AD3DD6C0014B894 /* GameViewController.swift in Sources */,
				3086330F1AD3DD6C0014B894 /* AppDelegate.swift in Sources */,
				3049CC4B1AD66A38005DC1F8 /* ZShape.swift in Sources */,
				3049CC491AD66A0C005DC1F8 /* SShape.swift in Sources */,
			);
			runOnlyForDeploymentPostprocessing = 0;
		};
		3086331E1AD3DD6C0014B894 /* Sources */ = {
			isa = PBXSourcesBuildPhase;
			buildActionMask = 2147483647;
			files = (
				308633291AD3DD6C0014B894 /* dpTests.swift in Sources */,
			);
			runOnlyForDeploymentPostprocessing = 0;
		};
/* End PBXSourcesBuildPhase section */

/* Begin PBXTargetDependency section */
		308633241AD3DD6C0014B894 /* PBXTargetDependency */ = {
			isa = PBXTargetDependency;
			target = 308633081AD3DD6C0014B894 /* dp */;
			targetProxy = 308633231AD3DD6C0014B894 /* PBXContainerItemProxy */;
		};
/* End PBXTargetDependency section */

/* Begin PBXVariantGroup section */
		308633161AD3DD6C0014B894 /* Main.storyboard */ = {
			isa = PBXVariantGroup;
			children = (
				308633171AD3DD6C0014B894 /* Base */,
			);
			name = Main.storyboard;
			sourceTree = "<group>";
		};
		3086331B1AD3DD6C0014B894 /* LaunchScreen.xib */ = {
			isa = PBXVariantGroup;
			children = (
				3086331C1AD3DD6C0014B894 /* Base */,
			);
			name = LaunchScreen.xib;
			sourceTree = "<group>";
		};
/* End PBXVariantGroup section */

/* Begin XCBuildConfiguration section */
		3086332A1AD3DD6C0014B894 /* Debug */ = {
			isa = XCBuildConfiguration;
			buildSettings = {
				ALWAYS_SEARCH_USER_PATHS = NO;
				CLANG_CXX_LANGUAGE_STANDARD = "gnu++0x";
				CLANG_CXX_LIBRARY = "libc++";
				CLANG_ENABLE_MODULES = YES;
				CLANG_ENABLE_OBJC_ARC = YES;
				CLANG_WARN_BOOL_CONVERSION = YES;
				CLANG_WARN_CONSTANT_CONVERSION = YES;
				CLANG_WARN_DIRECT_OBJC_ISA_USAGE = YES_ERROR;
				CLANG_WARN_EMPTY_BODY = YES;
				CLANG_WARN_ENUM_CONVERSION = YES;
				CLANG_WARN_INT_CONVERSION = YES;
				CLANG_WARN_OBJC_ROOT_CLASS = YES_ERROR;
				CLANG_WARN_UNREACHABLE_CODE = YES;
				CLANG_WARN__DUPLICATE_METHOD_MATCH = YES;
				CODE_SIGN_IDENTITY = "iPhone Distribution: IMG UK Limited";
				"CODE_SIGN_IDENTITY[sdk=iphoneos*]" = "iPhone Distribution: IMG UK Limited";
				COPY_PHASE_STRIP = NO;
				ENABLE_STRICT_OBJC_MSGSEND = YES;
				GCC_C_LANGUAGE_STANDARD = gnu99;
				GCC_DYNAMIC_NO_PIC = NO;
				GCC_OPTIMIZATION_LEVEL = 0;
				GCC_PREPROCESSOR_DEFINITIONS = (
					"DEBUG=1",
					"$(inherited)",
				);
				GCC_SYMBOLS_PRIVATE_EXTERN = NO;
				GCC_WARN_64_TO_32_BIT_CONVERSION = YES;
				GCC_WARN_ABOUT_RETURN_TYPE = YES_ERROR;
				GCC_WARN_UNDECLARED_SELECTOR = YES;
				GCC_WARN_UNINITIALIZED_AUTOS = YES_AGGRESSIVE;
				GCC_WARN_UNUSED_FUNCTION = YES;
				GCC_WARN_UNUSED_VARIABLE = YES;
				IPHONEOS_DEPLOYMENT_TARGET = 8.2;
				MTL_ENABLE_DEBUG_INFO = YES;
				ONLY_ACTIVE_ARCH = YES;
				PROVISIONING_PROFILE = "38aca04a-9e8d-4aa6-8c28-29ac5080496f";
				SDKROOT = iphoneos;
				SWIFT_OPTIMIZATION_LEVEL = "-Onone";
				TARGETED_DEVICE_FAMILY = "1,2";
			};
			name = Debug;
		};
		3086332B1AD3DD6C0014B894 /* Release */ = {
			isa = XCBuildConfiguration;
			buildSettings = {
				ALWAYS_SEARCH_USER_PATHS = NO;
				CLANG_CXX_LANGUAGE_STANDARD = "gnu++0x";
				CLANG_CXX_LIBRARY = "libc++";
				CLANG_ENABLE_MODULES = YES;
				CLANG_ENABLE_OBJC_ARC = YES;
				CLANG_WARN_BOOL_CONVERSION = YES;
				CLANG_WARN_CONSTANT_CONVERSION = YES;
				CLANG_WARN_DIRECT_OBJC_ISA_USAGE = YES_ERROR;
				CLANG_WARN_EMPTY_BODY = YES;
				CLANG_WARN_ENUM_CONVERSION = YES;
				CLANG_WARN_INT_CONVERSION = YES;
				CLANG_WARN_OBJC_ROOT_CLASS = YES_ERROR;
				CLANG_WARN_UNREACHABLE_CODE = YES;
				CLANG_WARN__DUPLICATE_METHOD_MATCH = YES;
				CODE_SIGN_IDENTITY = "iPhone Distribution: IMG UK Limited";
				"CODE_SIGN_IDENTITY[sdk=iphoneos*]" = "iPhone Distribution: IMG UK Limited";
				COPY_PHASE_STRIP = NO;
				ENABLE_NS_ASSERTIONS = NO;
				ENABLE_STRICT_OBJC_MSGSEND = YES;
				GCC_C_LANGUAGE_STANDARD = gnu99;
				GCC_WARN_64_TO_32_BIT_CONVERSION = YES;
				GCC_WARN_ABOUT_RETURN_TYPE = YES_ERROR;
				GCC_WARN_UNDECLARED_SELECTOR = YES;
				GCC_WARN_UNINITIALIZED_AUTOS = YES_AGGRESSIVE;
				GCC_WARN_UNUSED_FUNCTION = YES;
				GCC_WARN_UNUSED_VARIABLE = YES;
				IPHONEOS_DEPLOYMENT_TARGET = 8.2;
				MTL_ENABLE_DEBUG_INFO = NO;
				PROVISIONING_PROFILE = "38aca04a-9e8d-4aa6-8c28-29ac5080496f";
				SDKROOT = iphoneos;
				TARGETED_DEVICE_FAMILY = "1,2";
				VALIDATE_PRODUCT = YES;
			};
			name = Release;
		};
		3086332D1AD3DD6C0014B894 /* Debug */ = {
			isa = XCBuildConfiguration;
			buildSettings = {
				ASSETCATALOG_COMPILER_APPICON_NAME = AppIcon;
				CODE_SIGN_IDENTITY = "iPhone Distribution: IMG UK Limited";
				"CODE_SIGN_IDENTITY[sdk=iphoneos*]" = "iPhone Distribution: IMG UK Limited";
				INFOPLIST_FILE = dp/Info.plist;
				IPHONEOS_DEPLOYMENT_TARGET = 7.0;
				LD_RUNPATH_SEARCH_PATHS = "$(inherited) @executable_path/Frameworks";
				PRODUCT_NAME = "$(TARGET_NAME)";
				PROVISIONING_PROFILE = "38aca04a-9e8d-4aa6-8c28-29ac5080496f";
				TARGETED_DEVICE_FAMILY = 1;
			};
			name = Debug;
		};
		3086332E1AD3DD6C0014B894 /* Release */ = {
			isa = XCBuildConfiguration;
			buildSettings = {
				ASSETCATALOG_COMPILER_APPICON_NAME = AppIcon;
				CODE_SIGN_IDENTITY = "iPhone Distribution: IMG UK Limited";
				"CODE_SIGN_IDENTITY[sdk=iphoneos*]" = "iPhone Distribution: IMG UK Limited";
				INFOPLIST_FILE = dp/Info.plist;
				IPHONEOS_DEPLOYMENT_TARGET = 7.0;
				LD_RUNPATH_SEARCH_PATHS = "$(inherited) @executable_path/Frameworks";
				PRODUCT_NAME = "$(TARGET_NAME)";
				PROVISIONING_PROFILE = "38aca04a-9e8d-4aa6-8c28-29ac5080496f";
				TARGETED_DEVICE_FAMILY = 1;
			};
			name = Release;
		};
		308633301AD3DD6C0014B894 /* Debug */ = {
			isa = XCBuildConfiguration;
			buildSettings = {
				BUNDLE_LOADER = "$(TEST_HOST)";
				FRAMEWORK_SEARCH_PATHS = (
					"$(SDKROOT)/Developer/Library/Frameworks",
					"$(inherited)",
				);
				GCC_PREPROCESSOR_DEFINITIONS = (
					"DEBUG=1",
					"$(inherited)",
				);
				INFOPLIST_FILE = dpTests/Info.plist;
				LD_RUNPATH_SEARCH_PATHS = "$(inherited) @executable_path/Frameworks @loader_path/Frameworks";
				PRODUCT_NAME = "$(TARGET_NAME)";
				TEST_HOST = "$(BUILT_PRODUCTS_DIR)/dp.app/dp";
			};
			name = Debug;
		};
		308633311AD3DD6C0014B894 /* Release */ = {
			isa = XCBuildConfiguration;
			buildSettings = {
				BUNDLE_LOADER = "$(TEST_HOST)";
				FRAMEWORK_SEARCH_PATHS = (
					"$(SDKROOT)/Developer/Library/Frameworks",
					"$(inherited)",
				);
				INFOPLIST_FILE = dpTests/Info.plist;
				LD_RUNPATH_SEARCH_PATHS = "$(inherited) @executable_path/Frameworks @loader_path/Frameworks";
				PRODUCT_NAME = "$(TARGET_NAME)";
				TEST_HOST = "$(BUILT_PRODUCTS_DIR)/dp.app/dp";
			};
			name = Release;
		};
/* End XCBuildConfiguration section */

/* Begin XCConfigurationList section */
		308633041AD3DD6C0014B894 /* Build configuration list for PBXProject "dp" */ = {
			isa = XCConfigurationList;
			buildConfigurations = (
				3086332A1AD3DD6C0014B894 /* Debug */,
				3086332B1AD3DD6C0014B894 /* Release */,
			);
			defaultConfigurationIsVisible = 0;
			defaultConfigurationName = Release;
		};
		3086332C1AD3DD6C0014B894 /* Build configuration list for PBXNativeTarget "dp" */ = {
			isa = XCConfigurationList;
			buildConfigurations = (
				3086332D1AD3DD6C0014B894 /* Debug */,
				3086332E1AD3DD6C0014B894 /* Release */,
			);
			defaultConfigurationIsVisible = 0;
			defaultConfigurationName = Release;
		};
		3086332F1AD3DD6C0014B894 /* Build configuration list for PBXNativeTarget "dpTests" */ = {
			isa = XCConfigurationList;
			buildConfigurations = (
				308633301AD3DD6C0014B894 /* Debug */,
				308633311AD3DD6C0014B894 /* Release */,
			);
			defaultConfigurationIsVisible = 0;
			defaultConfigurationName = Release;
		};
/* End XCConfigurationList section */
	};
	rootObject = 308633011AD3DD6C0014B894 /* Project object */;
}
